
Microsoft Visual Studio Solution File, Format Version 12.00
Project("{2150E333-8FDC-42A3-9474-1A3956D46DE8}") = "Presentation", "Presentation", "{FBBD1061-732A-4C70-87E8-5820E5A849CE}"
EndProject
Project("{FAE04EC0-301F-11D3-BF4B-00C04F79EFBC}") = "AdminApp", "AdminApp\AdminApp.csproj", "{76709AA5-1D72-445E-B4B2-87EDF87BC034}"
EndProject
Project("{FAE04EC0-301F-11D3-BF4B-00C04F79EFBC}") = "ClientApp", "ClientApp\ClientApp.csproj", "{90C0F6A5-8964-40DF-A704-BCFC71A392EF}"
EndProject
Project("{2150E333-8FDC-42A3-9474-1A3956D46DE8}") = "Core", "Core", "{AFD7F66D-D12E-40F5-811D-61548FCAAF61}"
EndProject
Project("{FAE04EC0-301F-11D3-BF4B-00C04F79EFBC}") = "Application", "Application\Application.csproj", "{82CC9E2E-00DB-4905-9D7D-E3F19B009133}"
EndProject
Project("{FAE04EC0-301F-11D3-BF4B-00C04F79EFBC}") = "Application.Contracts", "Application.Contracts\Application.Contracts.csproj", "{4E905CB6-051F-4DF7-A35E-B69DCD39E228}"
EndProject
Project("{FAE04EC0-301F-11D3-BF4B-00C04F79EFBC}") = "Domain", "Domain\Domain.csproj", "{F165EFBB-7072-40CA-AFBA-7C201CD951FC}"
EndProject
Project("{2150E333-8FDC-42A3-9474-1A3956D46DE8}") = "Infrastructure", "Infrastructure", "{66D71BF3-5184-497F-AA0E-8CA37951FA09}"
EndProject
Project("{FAE04EC0-301F-11D3-BF4B-00C04F79EFBC}") = "Infrastructure", "Infrastructure\Infrastructure.csproj", "{1465D21F-0DBD-4650-B9E4-9EFD03AC9778}"
EndProject
Global
	GlobalSection(SolutionConfigurationPlatforms) = preSolution
		Debug|Any CPU = Debug|Any CPU
		Release|Any CPU = Release|Any CPU
	EndGlobalSection
	GlobalSection(NestedProjects) = preSolution
		{76709AA5-1D72-445E-B4B2-87EDF87BC034} = {FBBD1061-732A-4C70-87E8-5820E5A849CE}
		{90C0F6A5-8964-40DF-A704-BCFC71A392EF} = {FBBD1061-732A-4C70-87E8-5820E5A849CE}
		{82CC9E2E-00DB-4905-9D7D-E3F19B009133} = {AFD7F66D-D12E-40F5-811D-61548FCAAF61}
		{4E905CB6-051F-4DF7-A35E-B69DCD39E228} = {AFD7F66D-D12E-40F5-811D-61548FCAAF61}
		{F165EFBB-7072-40CA-AFBA-7C201CD951FC} = {AFD7F66D-D12E-40F5-811D-61548FCAAF61}
		{1465D21F-0DBD-4650-B9E4-9EFD03AC9778} = {66D71BF3-5184-497F-AA0E-8CA37951FA09}
	EndGlobalSection
	GlobalSection(ProjectConfigurationPlatforms) = postSolution
		{76709AA5-1D72-445E-B4B2-87EDF87BC034}.Debug|Any CPU.ActiveCfg = Debug|Any CPU
		{76709AA5-1D72-445E-B4B2-87EDF87BC034}.Debug|Any CPU.Build.0 = Debug|Any CPU
		{76709AA5-1D72-445E-B4B2-87EDF87BC034}.Release|Any CPU.ActiveCfg = Release|Any CPU
		{76709AA5-1D72-445E-B4B2-87EDF87BC034}.Release|Any CPU.Build.0 = Release|Any CPU
		{90C0F6A5-8964-40DF-A704-BCFC71A392EF}.Debug|Any CPU.ActiveCfg = Debug|Any CPU
		{90C0F6A5-8964-40DF-A704-BCFC71A392EF}.Debug|Any CPU.Build.0 = Debug|Any CPU
		{90C0F6A5-8964-40DF-A704-BCFC71A392EF}.Release|Any CPU.ActiveCfg = Release|Any CPU
		{90C0F6A5-8964-40DF-A704-BCFC71A392EF}.Release|Any CPU.Build.0 = Release|Any CPU
		{82CC9E2E-00DB-4905-9D7D-E3F19B009133}.Debug|Any CPU.ActiveCfg = Debug|Any CPU
		{82CC9E2E-00DB-4905-9D7D-E3F19B009133}.Debug|Any CPU.Build.0 = Debug|Any CPU
		{82CC9E2E-00DB-4905-9D7D-E3F19B009133}.Release|Any CPU.ActiveCfg = Release|Any CPU
		{82CC9E2E-00DB-4905-9D7D-E3F19B009133}.Release|Any CPU.Build.0 = Release|Any CPU
		{4E905CB6-051F-4DF7-A35E-B69DCD39E228}.Debug|Any CPU.ActiveCfg = Debug|Any CPU
		{4E905CB6-051F-4DF7-A35E-B69DCD39E228}.Debug|Any CPU.Build.0 = Debug|Any CPU
		{4E905CB6-051F-4DF7-A35E-B69DCD39E228}.Release|Any CPU.ActiveCfg = Release|Any CPU
		{4E905CB6-051F-4DF7-A35E-B69DCD39E228}.Release|Any CPU.Build.0 = Release|Any CPU
		{F165EFBB-7072-40CA-AFBA-7C201CD951FC}.Debug|Any CPU.ActiveCfg = Debug|Any CPU
		{F165EFBB-7072-40CA-AFBA-7C201CD951FC}.Debug|Any CPU.Build.0 = Debug|Any CPU
		{F165EFBB-7072-40CA-AFBA-7C201CD951FC}.Release|Any CPU.ActiveCfg = Release|Any CPU
		{F165EFBB-7072-40CA-AFBA-7C201CD951FC}.Release|Any CPU.Build.0 = Release|Any CPU
		{1465D21F-0DBD-4650-B9E4-9EFD03AC9778}.Debug|Any CPU.ActiveCfg = Debug|Any CPU
		{1465D21F-0DBD-4650-B9E4-9EFD03AC9778}.Debug|Any CPU.Build.0 = Debug|Any CPU
		{1465D21F-0DBD-4650-B9E4-9EFD03AC9778}.Release|Any CPU.ActiveCfg = Release|Any CPU
		{1465D21F-0DBD-4650-B9E4-9EFD03AC9778}.Release|Any CPU.Build.0 = Release|Any CPU
	EndGlobalSection
EndGlobal
